// !$*UTF8*$!
{
	archiveVersion = 1;
	classes = {
	};
	objectVersion = 46;
	objects = {

/* Begin PBXBuildFile section */
		E67E88A31B64932200405A7C /* AppDelegate.swift in Sources */ = {isa = PBXBuildFile; fileRef = E67E88A21B64932200405A7C /* AppDelegate.swift */; };
		E67E88A51B64932200405A7C /* ViewController.swift in Sources */ = {isa = PBXBuildFile; fileRef = E67E88A41B64932200405A7C /* ViewController.swift */; };
		E67E88A81B64932200405A7C /* Main.storyboard in Resources */ = {isa = PBXBuildFile; fileRef = E67E88A61B64932200405A7C /* Main.storyboard */; };
		E67E88AA1B64932200405A7C /* Images.xcassets in Resources */ = {isa = PBXBuildFile; fileRef = E67E88A91B64932200405A7C /* Images.xcassets */; };
		E67E88AD1B64932200405A7C /* LaunchScreen.xib in Resources */ = {isa = PBXBuildFile; fileRef = E67E88AB1B64932200405A7C /* LaunchScreen.xib */; };
		E67E88B91B64932200405A7C /* RambersTests.swift in Sources */ = {isa = PBXBuildFile; fileRef = E67E88B81B64932200405A7C /* RambersTests.swift */; };
/* End PBXBuildFile section */

/* Begin PBXContainerItemProxy section */
		E67E88B31B64932200405A7C /* PBXContainerItemProxy */ = {
			isa = PBXContainerItemProxy;
			containerPortal = E67E88951B64932200405A7C /* Project object */;
			proxyType = 1;
			remoteGlobalIDString = E67E889C1B64932200405A7C;
			remoteInfo = Rambers;
		};
/* End PBXContainerItemProxy section */

/* Begin PBXFileReference section */
		E67E889D1B64932200405A7C /* Rambers.app */ = {isa = PBXFileReference; explicitFileType = wrapper.application; includeInIndex = 0; path = Rambers.app; sourceTree = BUILT_PRODUCTS_DIR; };
		E67E88A11B64932200405A7C /* Info.plist */ = {isa = PBXFileReference; lastKnownFileType = text.plist.xml; path = Info.plist; sourceTree = "<group>"; };
		E67E88A21B64932200405A7C /* AppDelegate.swift */ = {isa = PBXFileReference; lastKnownFileType = sourcecode.swift; path = AppDelegate.swift; sourceTree = "<group>"; };
		E67E88A41B64932200405A7C /* ViewController.swift */ = {isa = PBXFileReference; lastKnownFileType = sourcecode.swift; path = ViewController.swift; sourceTree = "<group>"; };
		E67E88A71B64932200405A7C /* Base */ = {isa = PBXFileReference; lastKnownFileType = file.storyboard; name = Base; path = Base.lproj/Main.storyboard; sourceTree = "<group>"; };
		E67E88A91B64932200405A7C /* Images.xcassets */ = {isa = PBXFileReference; lastKnownFileType = folder.assetcatalog; path = Images.xcassets; sourceTree = "<group>"; };
		E67E88AC1B64932200405A7C /* Base */ = {isa = PBXFileReference; lastKnownFileType = file.xib; name = Base; path = Base.lproj/LaunchScreen.xib; sourceTree = "<group>"; };
		E67E88B21B64932200405A7C /* RambersTests.xctest */ = {isa = PBXFileReference; explicitFileType = wrapper.cfbundle; includeInIndex = 0; path = RambersTests.xctest; sourceTree = BUILT_PRODUCTS_DIR; };
		E67E88B71B64932200405A7C /* Info.plist */ = {isa = PBXFileReference; lastKnownFileType = text.plist.xml; path = Info.plist; sourceTree = "<group>"; };
		E67E88B81B64932200405A7C /* RambersTests.swift */ = {isa = PBXFileReference; lastKnownFileType = sourcecode.swift; path = RambersTests.swift; sourceTree = "<group>"; };
/* End PBXFileReference section */

/* Begin PBXFrameworksBuildPhase section */
		E67E889A1B64932200405A7C /* Frameworks */ = {
			isa = PBXFrameworksBuildPhase;
			buildActionMask = 2147483647;
			files = (
			);
			runOnlyForDeploymentPostprocessing = 0;
		};
		E67E88AF1B64932200405A7C /* Frameworks */ = {
			isa = PBXFrameworksBuildPhase;
			buildActionMask = 2147483647;
			files = (
			);
			runOnlyForDeploymentPostprocessing = 0;
		};
/* End PBXFrameworksBuildPhase section */

/* Begin PBXGroup section */
		E67E88941B64932200405A7C = {
			isa = PBXGroup;
			children = (
				E67E889F1B64932200405A7C /* Rambers */,
				E67E88B51B64932200405A7C /* RambersTests */,
				E67E889E1B64932200405A7C /* Products */,
			);
			sourceTree = "<group>";
		};
		E67E889E1B64932200405A7C /* Products */ = {
			isa = PBXGroup;
			children = (
				E67E889D1B64932200405A7C /* Rambers.app */,
				E67E88B21B64932200405A7C /* RambersTests.xctest */,
			);
			name = Products;
			sourceTree = "<group>";
		};
		E67E889F1B64932200405A7C /* Rambers */ = {
			isa = PBXGroup;
			children = (
				E67E88A21B64932200405A7C /* AppDelegate.swift */,
				E67E88A41B64932200405A7C /* ViewController.swift */,
				E67E88A61B64932200405A7C /* Main.storyboard */,
				E67E88A91B64932200405A7C /* Images.xcassets */,
				E67E88AB1B64932200405A7C /* LaunchScreen.xib */,
				E67E88A01B64932200405A7C /* Supporting Files */,
			);
			path = Rambers;
			sourceTree = "<group>";
		};
		E67E88A01B64932200405A7C /* Supporting Files */ = {
			isa = PBXGroup;
			children = (
				E67E88A11B64932200405A7C /* Info.plist */,
			);
			name = "Supporting Files";
			sourceTree = "<group>";
		};
		E67E88B51B64932200405A7C /* RambersTests */ = {
			isa = PBXGroup;
			children = (
				E67E88B81B64932200405A7C /* RambersTests.swift */,
				E67E88B61B64932200405A7C /* Supporting Files */,
			);
			path = RambersTests;
			sourceTree = "<group>";
		};
		E67E88B61B64932200405A7C /* Supporting Files */ = {
			isa = PBXGroup;
			children = (
				E67E88B71B64932200405A7C /* Info.plist */,
			);
			name = "Supporting Files";
			sourceTree = "<group>";
		};
/* End PBXGroup section */

/* Begin PBXNativeTarget section */
		E67E889C1B64932200405A7C /* Rambers */ = {
			isa = PBXNativeTarget;
			buildConfigurationList = E67E88BC1B64932200405A7C /* Build configuration list for PBXNativeTarget "Rambers" */;
			buildPhases = (
				E67E88991B64932200405A7C /* Sources */,
				E67E889A1B64932200405A7C /* Frameworks */,
				E67E889B1B64932200405A7C /* Resources */,
			);
			buildRules = (
			);
			dependencies = (
			);
			name = Rambers;
			productName = Rambers;
			productReference = E67E889D1B64932200405A7C /* Rambers.app */;
			productType = "com.apple.product-type.application";
		};
		E67E88B11B64932200405A7C /* RambersTests */ = {
			isa = PBXNativeTarget;
			buildConfigurationList = E67E88BF1B64932200405A7C /* Build configuration list for PBXNativeTarget "RambersTests" */;
			buildPhases = (
				E67E88AE1B64932200405A7C /* Sources */,
				E67E88AF1B64932200405A7C /* Frameworks */,
				E67E88B01B64932200405A7C /* Resources */,
			);
			buildRules = (
			);
			dependencies = (
				E67E88B41B64932200405A7C /* PBXTargetDependency */,
			);
			name = RambersTests;
			productName = RambersTests;
			productReference = E67E88B21B64932200405A7C /* RambersTests.xctest */;
			productType = "com.apple.product-type.bundle.unit-test";
		};
/* End PBXNativeTarget section */

/* Begin PBXProject section */
		E67E88951B64932200405A7C /* Project object */ = {
			isa = PBXProject;
			attributes = {
				LastUpgradeCheck = 0640;
				ORGANIZATIONNAME = Alarm.com;
				TargetAttributes = {
					E67E889C1B64932200405A7C = {
						CreatedOnToolsVersion = 6.4;
					};
					E67E88B11B64932200405A7C = {
						CreatedOnToolsVersion = 6.4;
						TestTargetID = E67E889C1B64932200405A7C;
					};
				};
			};
			buildConfigurationList = E67E88981B64932200405A7C /* Build configuration list for PBXProject "Rambers" */;
			compatibilityVersion = "Xcode 3.2";
			developmentRegion = English;
			hasScannedForEncodings = 0;
			knownRegions = (
				en,
				Base,
			);
			mainGroup = E67E88941B64932200405A7C;
			productRefGroup = E67E889E1B64932200405A7C /* Products */;
			projectDirPath = "";
			projectRoot = "";
			targets = (
				E67E889C1B64932200405A7C /* Rambers */,
				E67E88B11B64932200405A7C /* RambersTests */,
			);
		};
/* End PBXProject section */

/* Begin PBXResourcesBuildPhase section */
		E67E889B1B64932200405A7C /* Resources */ = {
			isa = PBXResourcesBuildPhase;
			buildActionMask = 2147483647;
			files = (
				E67E88A81B64932200405A7C /* Main.storyboard in Resources */,
				E67E88AD1B64932200405A7C /* LaunchScreen.xib in Resources */,
				E67E88AA1B64932200405A7C /* Images.xcassets in Resources */,
			);
			runOnlyForDeploymentPostprocessing = 0;
		};
		E67E88B01B64932200405A7C /* Resources */ = {
			isa = PBXResourcesBuildPhase;
			buildActionMask = 2147483647;
			files = (
			);
			runOnlyForDeploymentPostprocessing = 0;
		};
/* End PBXResourcesBuildPhase section */

/* Begin PBXSourcesBuildPhase section */
		E67E88991B64932200405A7C /* Sources */ = {
			isa = PBXSourcesBuildPhase;
			buildActionMask = 2147483647;
			files = (
				E67E88A51B64932200405A7C /* ViewController.swift in Sources */,
				E67E88A31B64932200405A7C /* AppDelegate.swift in Sources */,
			);
			runOnlyForDeploymentPostprocessing = 0;
		};
		E67E88AE1B64932200405A7C /* Sources */ = {
			isa = PBXSourcesBuildPhase;
			buildActionMask = 2147483647;
			files = (
				E67E88B91B64932200405A7C /* RambersTests.swift in Sources */,
			);
			runOnlyForDeploymentPostprocessing = 0;
		};
/* End PBXSourcesBuildPhase section */

/* Begin PBXTargetDependency section */
		E67E88B41B64932200405A7C /* PBXTargetDependency */ = {
			isa = PBXTargetDependency;
			target = E67E889C1B64932200405A7C /* Rambers */;
			targetProxy = E67E88B31B64932200405A7C /* PBXContainerItemProxy */;
		};
/* End PBXTargetDependency section */

/* Begin PBXVariantGroup section */
		E67E88A61B64932200405A7C /* Main.storyboard */ = {
			isa = PBXVariantGroup;
			children = (
				E67E88A71B64932200405A7C /* Base */,
			);
			name = Main.storyboard;
			sourceTree = "<group>";
		};
		E67E88AB1B64932200405A7C /* LaunchScreen.xib */ = {
			isa = PBXVariantGroup;
			children = (
				E67E88AC1B64932200405A7C /* Base */,
			);
			name = LaunchScreen.xib;
			sourceTree = "<group>";
		};
/* End PBXVariantGroup section */

/* Begin XCBuildConfiguration section */
		E67E88BA1B64932200405A7C /* Debug */ = {
			isa = XCBuildConfiguration;
			buildSettings = {
				ALWAYS_SEARCH_USER_PATHS = NO;
				CLANG_CXX_LANGUAGE_STANDARD = "gnu++0x";
				CLANG_CXX_LIBRARY = "libc++";
				CLANG_ENABLE_MODULES = YES;
				CLANG_ENABLE_OBJC_ARC = YES;
				CLANG_WARN_BOOL_CONVERSION = YES;
				CLANG_WARN_CONSTANT_CONVERSION = YES;
				CLANG_WARN_DIRECT_OBJC_ISA_USAGE = YES_ERROR;
				CLANG_WARN_EMPTY_BODY = YES;
				CLANG_WARN_ENUM_CONVERSION = YES;
				CLANG_WARN_INT_CONVERSION = YES;
				CLANG_WARN_OBJC_ROOT_CLASS = YES_ERROR;
				CLANG_WARN_UNREACHABLE_CODE = YES;
				CLANG_WARN__DUPLICATE_METHOD_MATCH = YES;
				"CODE_SIGN_IDENTITY[sdk=iphoneos*]" = "iPhone Developer";
				COPY_PHASE_STRIP = NO;
				DEBUG_INFORMATION_FORMAT = "dwarf-with-dsym";
				ENABLE_STRICT_OBJC_MSGSEND = YES;
				GCC_C_LANGUAGE_STANDARD = gnu99;
				GCC_DYNAMIC_NO_PIC = NO;
				GCC_NO_COMMON_BLOCKS = YES;
				GCC_OPTIMIZATION_LEVEL = 0;
				GCC_PREPROCESSOR_DEFINITIONS = (
					"DEBUG=1",
					"$(inherited)",
				);
				GCC_SYMBOLS_PRIVATE_EXTERN = NO;
				GCC_WARN_64_TO_32_BIT_CONVERSION = YES;
				GCC_WARN_ABOUT_RETURN_TYPE = YES_ERROR;
				GCC_WARN_UNDECLARED_SELECTOR = YES;
				GCC_WARN_UNINITIALIZED_AUTOS = YES_AGGRESSIVE;
				GCC_WARN_UNUSED_FUNCTION = YES;
				GCC_WARN_UNUSED_VARIABLE = YES;
				IPHONEOS_DEPLOYMENT_TARGET = 8.4;
				MTL_ENABLE_DEBUG_INFO = YES;
				ONLY_ACTIVE_ARCH = YES;
				SDKROOT = iphoneos;
				SWIFT_OPTIMIZATION_LEVEL = "-Onone";
				TARGETED_DEVICE_FAMILY = "1,2";
			};
			name = Debug;
		};
		E67E88BB1B64932200405A7C /* Release */ = {
			isa = XCBuildConfiguration;
			buildSettings = {
				ALWAYS_SEARCH_USER_PATHS = NO;
				CLANG_CXX_LANGUAGE_STANDARD = "gnu++0x";
				CLANG_CXX_LIBRARY = "libc++";
				CLANG_ENABLE_MODULES = YES;
				CLANG_ENABLE_OBJC_ARC = YES;
				CLANG_WARN_BOOL_CONVERSION = YES;
				CLANG_WARN_CONSTANT_CONVERSION = YES;
				CLANG_WARN_DIRECT_OBJC_ISA_USAGE = YES_ERROR;
				CLANG_WARN_EMPTY_BODY = YES;
				CLANG_WARN_ENUM_CONVERSION = YES;
				CLANG_WARN_INT_CONVERSION = YES;
				CLANG_WARN_OBJC_ROOT_CLASS = YES_ERROR;
				CLANG_WARN_UNREACHABLE_CODE = YES;
				CLANG_WARN__DUPLICATE_METHOD_MATCH = YES;
				"CODE_SIGN_IDENTITY[sdk=iphoneos*]" = "iPhone Developer";
				COPY_PHASE_STRIP = NO;
				DEBUG_INFORMATION_FORMAT = "dwarf-with-dsym";
				ENABLE_NS_ASSERTIONS = NO;
				ENABLE_STRICT_OBJC_MSGSEND = YES;
				GCC_C_LANGUAGE_STANDARD = gnu99;
				GCC_NO_COMMON_BLOCKS = YES;
				GCC_WARN_64_TO_32_BIT_CONVERSION = YES;
				GCC_WARN_ABOUT_RETURN_TYPE = YES_ERROR;
				GCC_WARN_UNDECLARED_SELECTOR = YES;
				GCC_WARN_UNINITIALIZED_AUTOS = YES_AGGRESSIVE;
				GCC_WARN_UNUSED_FUNCTION = YES;
				GCC_WARN_UNUSED_VARIABLE = YES;
				IPHONEOS_DEPLOYMENT_TARGET = 8.4;
				MTL_ENABLE_DEBUG_INFO = NO;
				SDKROOT = iphoneos;
				TARGETED_DEVICE_FAMILY = "1,2";
				VALIDATE_PRODUCT = YES;
			};
			name = Release;
		};
		E67E88BD1B64932200405A7C /* Debug */ = {
			isa = XCBuildConfiguration;
			buildSettings = {
				ASSETCATALOG_COMPILER_APPICON_NAME = AppIcon;
				INFOPLIST_FILE = Rambers/Info.plist;
				LD_RUNPATH_SEARCH_PATHS = "$(inherited) @executable_path/Frameworks";
				PRODUCT_NAME = "$(TARGET_NAME)";
			};
			name = Debug;
		};
		E67E88BE1B64932200405A7C /* Release */ = {
			isa = XCBuildConfiguration;
			buildSettings = {
				ASSETCATALOG_COMPILER_APPICON_NAME = AppIcon;
				INFOPLIST_FILE = Rambers/Info.plist;
				LD_RUNPATH_SEARCH_PATHS = "$(inherited) @executable_path/Frameworks";
				PRODUCT_NAME = "$(TARGET_NAME)";
			};
			name = Release;
		};
		E67E88C01B64932200405A7C /* Debug */ = {
			isa = XCBuildConfiguration;
			buildSettings = {
				BUNDLE_LOADER = "$(TEST_HOST)";
				FRAMEWORK_SEARCH_PATHS = (
					"$(SDKROOT)/Developer/Library/Frameworks",
					"$(inherited)",
				);
				GCC_PREPROCESSOR_DEFINITIONS = (
					"DEBUG=1",
					"$(inherited)",
				);
				INFOPLIST_FILE = RambersTests/Info.plist;
				LD_RUNPATH_SEARCH_PATHS = "$(inherited) @executable_path/Frameworks @loader_path/Frameworks";
				PRODUCT_NAME = "$(TARGET_NAME)";
				TEST_HOST = "$(BUILT_PRODUCTS_DIR)/Rambers.app/Rambers";
			};
			name = Debug;
		};
		E67E88C11B64932200405A7C /* Release */ = {
			isa = XCBuildConfiguration;
			buildSettings = {
				BUNDLE_LOADER = "$(TEST_HOST)";
				FRAMEWORK_SEARCH_PATHS = (
					"$(SDKROOT)/Developer/Library/Frameworks",
					"$(inherited)",
				);
				INFOPLIST_FILE = RambersTests/Info.plist;
				LD_RUNPATH_SEARCH_PATHS = "$(inherited) @executable_path/Frameworks @loader_path/Frameworks";
				PRODUCT_NAME = "$(TARGET_NAME)";
				TEST_HOST = "$(BUILT_PRODUCTS_DIR)/Rambers.app/Rambers";
			};
			name = Release;
		};
/* End XCBuildConfiguration section */

/* Begin XCConfigurationList section */
		E67E88981B64932200405A7C /* Build configuration list for PBXProject "Rambers" */ = {
			isa = XCConfigurationList;
			buildConfigurations = (
				E67E88BA1B64932200405A7C /* Debug */,
				E67E88BB1B64932200405A7C /* Release */,
			);
			defaultConfigurationIsVisible = 0;
			defaultConfigurationName = Release;
		};
		E67E88BC1B64932200405A7C /* Build configuration list for PBXNativeTarget "Rambers" */ = {
			isa = XCConfigurationList;
			buildConfigurations = (
				E67E88BD1B64932200405A7C /* Debug */,
				E67E88BE1B64932200405A7C /* Release */,
			);
			defaultConfigurationIsVisible = 0;
		};
		E67E88BF1B64932200405A7C /* Build configuration list for PBXNativeTarget "RambersTests" */ = {
			isa = XCConfigurationList;
			buildConfigurations = (
				E67E88C01B64932200405A7C /* Debug */,
				E67E88C11B64932200405A7C /* Release */,
			);
			defaultConfigurationIsVisible = 0;
		};
/* End XCConfigurationList section */
	};
	rootObject = E67E88951B64932200405A7C /* Project object */;
}
